
Microsoft Visual Studio Solution File, Format Version 12.00
# Visual Studio Version 16
VisualStudioVersion = 16.0.32802.440
MinimumVisualStudioVersion = 10.0.40219.1
Project("{FAE04EC0-301F-11D3-BF4B-00C04F79EFBC}") = "WebApplication1-MVC-2023C2", "WebApplication1-MVC-2023C2\WebApplication1-MVC-2023C2.csproj", "{26ED25A6-A526-4339-81D2-7478B65F5FF3}"
EndProject
Global
	GlobalSection(SolutionConfigurationPlatforms) = preSolution
		Debug|Any CPU = Debug|Any CPU
		Release|Any CPU = Release|Any CPU
	EndGlobalSection
	GlobalSection(ProjectConfigurationPlatforms) = postSolution
		{26ED25A6-A526-4339-81D2-7478B65F5FF3}.Debug|Any CPU.ActiveCfg = Debug|Any CPU
		{26ED25A6-A526-4339-81D2-7478B65F5FF3}.Debug|Any CPU.Build.0 = Debug|Any CPU
		{26ED25A6-A526-4339-81D2-7478B65F5FF3}.Release|Any CPU.ActiveCfg = Release|Any CPU
		{26ED25A6-A526-4339-81D2-7478B65F5FF3}.Release|Any CPU.Build.0 = Release|Any CPU
	EndGlobalSection
	GlobalSection(SolutionProperties) = preSolution
		HideSolutionNode = FALSE
	EndGlobalSection
	GlobalSection(ExtensibilityGlobals) = postSolution
		SolutionGuid = {5B259E78-43C8-48CE-A9EC-1A5B9F2B5331}
	EndGlobalSection
EndGlobal
